Microsoft Visual Studio Solution File, Format Version 12.00
# Visual Studio Version 17
VisualStudioVersion = 17.5.2.0
MinimumVisualStudioVersion = 10.0.40219.1
Project("{FAE04EC0-301F-11D3-BF4B-00C04F79EFBC}") = "krrTools", "krrTools.csproj", "{4173FF73-DE49-0C4F-036A-E36463797E17}"
EndProject
Project("{FAE04EC0-301F-11D3-BF4B-00C04F79EFBC}") = "krrTools.Tests", "tests\krrTools.Tests.csproj", "{8EB2D04F-440F-4E33-8A4C-C96477CAB59B}"
EndProject
Global
	GlobalSection(SolutionConfigurationPlatforms) = preSolution
		Debug|Any CPU = Debug|Any CPU
		Release|Any CPU = Release|Any CPU
	EndGlobalSection
	GlobalSection(ProjectConfigurationPlatforms) = postSolution
		{4173FF73-DE49-0C4F-036A-E36463797E17}.Debug|Any CPU.ActiveCfg = Debug|Any CPU
		{4173FF73-DE49-0C4F-036A-E36463797E17}.Debug|Any CPU.Build.0 = Debug|Any CPU
		{4173FF73-DE49-0C4F-036A-E36463797E17}.Release|Any CPU.ActiveCfg = Release|Any CPU
		{4173FF73-DE49-0C4F-036A-E36463797E17}.Release|Any CPU.Build.0 = Release|Any CPU
		{8EB2D04F-440F-4E33-8A4C-C96477CAB59B}.Debug|Any CPU.ActiveCfg = Debug|Any CPU
		{8EB2D04F-440F-4E33-8A4C-C96477CAB59B}.Debug|Any CPU.Build.0 = Debug|Any CPU
		{8EB2D04F-440F-4E33-8A4C-C96477CAB59B}.Release|Any CPU.ActiveCfg = Release|Any CPU
		{8EB2D04F-440F-4E33-8A4C-C96477CAB59B}.Release|Any CPU.Build.0 = Release|Any CPU
	EndGlobalSection
	GlobalSection(SolutionProperties) = preSolution
		HideSolutionNode = FALSE
	EndGlobalSection
	GlobalSection(ExtensibilityGlobals) = postSolution
		SolutionGuid = {12C7BC12-9B17-4BF6-BA2F-36EDF5C80CFE}
	EndGlobalSection
EndGlobal
